// !$*UTF8*$!
{
	archiveVersion = 1;
	classes = {
	};
	objectVersion = 50;
	objects = {

/* Begin PBXBuildFile section */
		988C824A24EBC54C006E86EB /* AppDelegate.swift in Sources */ = {isa = PBXBuildFile; fileRef = 988C824924EBC54C006E86EB /* AppDelegate.swift */; };
		988C824C24EBC54C006E86EB /* SceneDelegate.swift in Sources */ = {isa = PBXBuildFile; fileRef = 988C824B24EBC54C006E86EB /* SceneDelegate.swift */; };
		988C824E24EBC54C006E86EB /* ContentView.swift in Sources */ = {isa = PBXBuildFile; fileRef = 988C824D24EBC54C006E86EB /* ContentView.swift */; };
		988C825024EBC54D006E86EB /* Assets.xcassets in Resources */ = {isa = PBXBuildFile; fileRef = 988C824F24EBC54D006E86EB /* Assets.xcassets */; };
		988C825324EBC54D006E86EB /* Preview Assets.xcassets in Resources */ = {isa = PBXBuildFile; fileRef = 988C825224EBC54D006E86EB /* Preview Assets.xcassets */; };
		988C825624EBC54D006E86EB /* LaunchScreen.storyboard in Resources */ = {isa = PBXBuildFile; fileRef = 988C825424EBC54D006E86EB /* LaunchScreen.storyboard */; };
		988C825F24EBD014006E86EB /* NetworkManager.swift in Sources */ = {isa = PBXBuildFile; fileRef = 988C825E24EBD014006E86EB /* NetworkManager.swift */; };
		988C826124EBD39F006E86EB /* PostData.swift in Sources */ = {isa = PBXBuildFile; fileRef = 988C826024EBD39F006E86EB /* PostData.swift */; };
		988C826424EBE127006E86EB /* DetailView.swift in Sources */ = {isa = PBXBuildFile; fileRef = 988C826324EBE127006E86EB /* DetailView.swift */; };
		988C826624EBE65A006E86EB /* WebView.swift in Sources */ = {isa = PBXBuildFile; fileRef = 988C826524EBE65A006E86EB /* WebView.swift */; };
/* End PBXBuildFile section */

/* Begin PBXFileReference section */
		988C824624EBC54C006E86EB /* HackerNewsFeed.app */ = {isa = PBXFileReference; explicitFileType = wrapper.application; includeInIndex = 0; path = HackerNewsFeed.app; sourceTree = BUILT_PRODUCTS_DIR; };
		988C824924EBC54C006E86EB /* AppDelegate.swift */ = {isa = PBXFileReference; lastKnownFileType = sourcecode.swift; path = AppDelegate.swift; sourceTree = "<group>"; };
		988C824B24EBC54C006E86EB /* SceneDelegate.swift */ = {isa = PBXFileReference; lastKnownFileType = sourcecode.swift; path = SceneDelegate.swift; sourceTree = "<group>"; };
		988C824D24EBC54C006E86EB /* ContentView.swift */ = {isa = PBXFileReference; lastKnownFileType = sourcecode.swift; path = ContentView.swift; sourceTree = "<group>"; };
		988C824F24EBC54D006E86EB /* Assets.xcassets */ = {isa = PBXFileReference; lastKnownFileType = folder.assetcatalog; path = Assets.xcassets; sourceTree = "<group>"; };
		988C825224EBC54D006E86EB /* Preview Assets.xcassets */ = {isa = PBXFileReference; lastKnownFileType = folder.assetcatalog; path = "Preview Assets.xcassets"; sourceTree = "<group>"; };
		988C825524EBC54D006E86EB /* Base */ = {isa = PBXFileReference; lastKnownFileType = file.storyboard; name = Base; path = Base.lproj/LaunchScreen.storyboard; sourceTree = "<group>"; };
		988C825724EBC54D006E86EB /* Info.plist */ = {isa = PBXFileReference; lastKnownFileType = text.plist.xml; path = Info.plist; sourceTree = "<group>"; };
		988C825E24EBD014006E86EB /* NetworkManager.swift */ = {isa = PBXFileReference; lastKnownFileType = sourcecode.swift; path = NetworkManager.swift; sourceTree = "<group>"; };
		988C826024EBD39F006E86EB /* PostData.swift */ = {isa = PBXFileReference; lastKnownFileType = sourcecode.swift; path = PostData.swift; sourceTree = "<group>"; };
		988C826324EBE127006E86EB /* DetailView.swift */ = {isa = PBXFileReference; lastKnownFileType = sourcecode.swift; path = DetailView.swift; sourceTree = "<group>"; };
		988C826524EBE65A006E86EB /* WebView.swift */ = {isa = PBXFileReference; lastKnownFileType = sourcecode.swift; path = WebView.swift; sourceTree = "<group>"; };
		988C826724EBE844006E86EB /* HackerNewsFeed.entitlements */ = {isa = PBXFileReference; lastKnownFileType = text.plist.entitlements; path = HackerNewsFeed.entitlements; sourceTree = "<group>"; };
/* End PBXFileReference section */

/* Begin PBXFrameworksBuildPhase section */
		988C824324EBC54C006E86EB /* Frameworks */ = {
			isa = PBXFrameworksBuildPhase;
			buildActionMask = 2147483647;
			files = (
			);
			runOnlyForDeploymentPostprocessing = 0;
		};
/* End PBXFrameworksBuildPhase section */

/* Begin PBXGroup section */
		988C823D24EBC54C006E86EB = {
			isa = PBXGroup;
			children = (
				988C824824EBC54C006E86EB /* HackerNewsFeed */,
				988C824724EBC54C006E86EB /* Products */,
			);
			sourceTree = "<group>";
		};
		988C824724EBC54C006E86EB /* Products */ = {
			isa = PBXGroup;
			children = (
				988C824624EBC54C006E86EB /* HackerNewsFeed.app */,
			);
			name = Products;
			sourceTree = "<group>";
		};
		988C824824EBC54C006E86EB /* HackerNewsFeed */ = {
			isa = PBXGroup;
			children = (
				988C826724EBE844006E86EB /* HackerNewsFeed.entitlements */,
				988C824924EBC54C006E86EB /* AppDelegate.swift */,
				988C824B24EBC54C006E86EB /* SceneDelegate.swift */,
				988C826224EBE114006E86EB /* Views */,
				988C825D24EBCFDF006E86EB /* Models */,
				988C824F24EBC54D006E86EB /* Assets.xcassets */,
				988C825424EBC54D006E86EB /* LaunchScreen.storyboard */,
				988C825724EBC54D006E86EB /* Info.plist */,
				988C825124EBC54D006E86EB /* Preview Content */,
			);
			path = HackerNewsFeed;
			sourceTree = "<group>";
		};
		988C825124EBC54D006E86EB /* Preview Content */ = {
			isa = PBXGroup;
			children = (
				988C825224EBC54D006E86EB /* Preview Assets.xcassets */,
			);
			path = "Preview Content";
			sourceTree = "<group>";
		};
		988C825D24EBCFDF006E86EB /* Models */ = {
			isa = PBXGroup;
			children = (
				988C825E24EBD014006E86EB /* NetworkManager.swift */,
				988C826024EBD39F006E86EB /* PostData.swift */,
			);
			path = Models;
			sourceTree = "<group>";
		};
		988C826224EBE114006E86EB /* Views */ = {
			isa = PBXGroup;
			children = (
				988C824D24EBC54C006E86EB /* ContentView.swift */,
				988C826324EBE127006E86EB /* DetailView.swift */,
				988C826524EBE65A006E86EB /* WebView.swift */,
			);
			path = Views;
			sourceTree = "<group>";
		};
/* End PBXGroup section */

/* Begin PBXNativeTarget section */
		988C824524EBC54C006E86EB /* HackerNewsFeed */ = {
			isa = PBXNativeTarget;
			buildConfigurationList = 988C825A24EBC54D006E86EB /* Build configuration list for PBXNativeTarget "HackerNewsFeed" */;
			buildPhases = (
				988C824224EBC54C006E86EB /* Sources */,
				988C824324EBC54C006E86EB /* Frameworks */,
				988C824424EBC54C006E86EB /* Resources */,
			);
			buildRules = (
			);
			dependencies = (
			);
			name = HackerNewsFeed;
			productName = HackerNewsFeed;
			productReference = 988C824624EBC54C006E86EB /* HackerNewsFeed.app */;
			productType = "com.apple.product-type.application";
		};
/* End PBXNativeTarget section */

/* Begin PBXProject section */
		988C823E24EBC54C006E86EB /* Project object */ = {
			isa = PBXProject;
			attributes = {
				LastSwiftUpdateCheck = 1160;
				LastUpgradeCheck = 1160;
				ORGANIZATIONNAME = "Kevin Majkut";
				TargetAttributes = {
					988C824524EBC54C006E86EB = {
						CreatedOnToolsVersion = 11.6;
					};
				};
			};
			buildConfigurationList = 988C824124EBC54C006E86EB /* Build configuration list for PBXProject "HackerNewsFeed" */;
			compatibilityVersion = "Xcode 9.3";
			developmentRegion = en;
			hasScannedForEncodings = 0;
			knownRegions = (
				en,
				Base,
			);
			mainGroup = 988C823D24EBC54C006E86EB;
			productRefGroup = 988C824724EBC54C006E86EB /* Products */;
			projectDirPath = "";
			projectRoot = "";
			targets = (
				988C824524EBC54C006E86EB /* HackerNewsFeed */,
			);
		};
/* End PBXProject section */

/* Begin PBXResourcesBuildPhase section */
		988C824424EBC54C006E86EB /* Resources */ = {
			isa = PBXResourcesBuildPhase;
			buildActionMask = 2147483647;
			files = (
				988C825624EBC54D006E86EB /* LaunchScreen.storyboard in Resources */,
				988C825324EBC54D006E86EB /* Preview Assets.xcassets in Resources */,
				988C825024EBC54D006E86EB /* Assets.xcassets in Resources */,
			);
			runOnlyForDeploymentPostprocessing = 0;
		};
/* End PBXResourcesBuildPhase section */

/* Begin PBXSourcesBuildPhase section */
		988C824224EBC54C006E86EB /* Sources */ = {
			isa = PBXSourcesBuildPhase;
			buildActionMask = 2147483647;
			files = (
				988C826124EBD39F006E86EB /* PostData.swift in Sources */,
				988C826424EBE127006E86EB /* DetailView.swift in Sources */,
				988C825F24EBD014006E86EB /* NetworkManager.swift in Sources */,
				988C824A24EBC54C006E86EB /* AppDelegate.swift in Sources */,
				988C824C24EBC54C006E86EB /* SceneDelegate.swift in Sources */,
				988C824E24EBC54C006E86EB /* ContentView.swift in Sources */,
				988C826624EBE65A006E86EB /* WebView.swift in Sources */,
			);
			runOnlyForDeploymentPostprocessing = 0;
		};
/* End PBXSourcesBuildPhase section */

/* Begin PBXVariantGroup section */
		988C825424EBC54D006E86EB /* LaunchScreen.storyboard */ = {
			isa = PBXVariantGroup;
			children = (
				988C825524EBC54D006E86EB /* Base */,
			);
			name = LaunchScreen.storyboard;
			sourceTree = "<group>";
		};
/* End PBXVariantGroup section */

/* Begin XCBuildConfiguration section */
		988C825824EBC54D006E86EB /* Debug */ = {
			isa = XCBuildConfiguration;
			buildSettings = {
				ALWAYS_SEARCH_USER_PATHS = NO;
				CLANG_ANALYZER_NONNULL = YES;
				CLANG_ANALYZER_NUMBER_OBJECT_CONVERSION = YES_AGGRESSIVE;
				CLANG_CXX_LANGUAGE_STANDARD = "gnu++14";
				CLANG_CXX_LIBRARY = "libc++";
				CLANG_ENABLE_MODULES = YES;
				CLANG_ENABLE_OBJC_ARC = YES;
				CLANG_ENABLE_OBJC_WEAK = YES;
				CLANG_WARN_BLOCK_CAPTURE_AUTORELEASING = YES;
				CLANG_WARN_BOOL_CONVERSION = YES;
				CLANG_WARN_COMMA = YES;
				CLANG_WARN_CONSTANT_CONVERSION = YES;
				CLANG_WARN_DEPRECATED_OBJC_IMPLEMENTATIONS = YES;
				CLANG_WARN_DIRECT_OBJC_ISA_USAGE = YES_ERROR;
				CLANG_WARN_DOCUMENTATION_COMMENTS = YES;
				CLANG_WARN_EMPTY_BODY = YES;
				CLANG_WARN_ENUM_CONVERSION = YES;
				CLANG_WARN_INFINITE_RECURSION = YES;
				CLANG_WARN_INT_CONVERSION = YES;
				CLANG_WARN_NON_LITERAL_NULL_CONVERSION = YES;
				CLANG_WARN_OBJC_IMPLICIT_RETAIN_SELF = YES;
				CLANG_WARN_OBJC_LITERAL_CONVERSION = YES;
				CLANG_WARN_OBJC_ROOT_CLASS = YES_ERROR;
				CLANG_WARN_RANGE_LOOP_ANALYSIS = YES;
				CLANG_WARN_STRICT_PROTOTYPES = YES;
				CLANG_WARN_SUSPICIOUS_MOVE = YES;
				CLANG_WARN_UNGUARDED_AVAILABILITY = YES_AGGRESSIVE;
				CLANG_WARN_UNREACHABLE_CODE = YES;
				CLANG_WARN__DUPLICATE_METHOD_MATCH = YES;
				COPY_PHASE_STRIP = NO;
				DEBUG_INFORMATION_FORMAT = dwarf;
				ENABLE_STRICT_OBJC_MSGSEND = YES;
				ENABLE_TESTABILITY = YES;
				GCC_C_LANGUAGE_STANDARD = gnu11;
				GCC_DYNAMIC_NO_PIC = NO;
				GCC_NO_COMMON_BLOCKS = YES;
				GCC_OPTIMIZATION_LEVEL = 0;
				GCC_PREPROCESSOR_DEFINITIONS = (
					"DEBUG=1",
					"$(inherited)",
				);
				GCC_WARN_64_TO_32_BIT_CONVERSION = YES;
				GCC_WARN_ABOUT_RETURN_TYPE = YES_ERROR;
				GCC_WARN_UNDECLARED_SELECTOR = YES;
				GCC_WARN_UNINITIALIZED_AUTOS = YES_AGGRESSIVE;
				GCC_WARN_UNUSED_FUNCTION = YES;
				GCC_WARN_UNUSED_VARIABLE = YES;
				IPHONEOS_DEPLOYMENT_TARGET = 13.6;
				MTL_ENABLE_DEBUG_INFO = INCLUDE_SOURCE;
				MTL_FAST_MATH = YES;
				ONLY_ACTIVE_ARCH = YES;
				SDKROOT = iphoneos;
				SWIFT_ACTIVE_COMPILATION_CONDITIONS = DEBUG;
				SWIFT_OPTIMIZATION_LEVEL = "-Onone";
			};
			name = Debug;
		};
		988C825924EBC54D006E86EB /* Release */ = {
			isa = XCBuildConfiguration;
			buildSettings = {
				ALWAYS_SEARCH_USER_PATHS = NO;
				CLANG_ANALYZER_NONNULL = YES;
				CLANG_ANALYZER_NUMBER_OBJECT_CONVERSION = YES_AGGRESSIVE;
				CLANG_CXX_LANGUAGE_STANDARD = "gnu++14";
				CLANG_CXX_LIBRARY = "libc++";
				CLANG_ENABLE_MODULES = YES;
				CLANG_ENABLE_OBJC_ARC = YES;
				CLANG_ENABLE_OBJC_WEAK = YES;
				CLANG_WARN_BLOCK_CAPTURE_AUTORELEASING = YES;
				CLANG_WARN_BOOL_CONVERSION = YES;
				CLANG_WARN_COMMA = YES;
				CLANG_WARN_CONSTANT_CONVERSION = YES;
				CLANG_WARN_DEPRECATED_OBJC_IMPLEMENTATIONS = YES;
				CLANG_WARN_DIRECT_OBJC_ISA_USAGE = YES_ERROR;
				CLANG_WARN_DOCUMENTATION_COMMENTS = YES;
				CLANG_WARN_EMPTY_BODY = YES;
				CLANG_WARN_ENUM_CONVERSION = YES;
				CLANG_WARN_INFINITE_RECURSION = YES;
				CLANG_WARN_INT_CONVERSION = YES;
				CLANG_WARN_NON_LITERAL_NULL_CONVERSION = YES;
				CLANG_WARN_OBJC_IMPLICIT_RETAIN_SELF = YES;
				CLANG_WARN_OBJC_LITERAL_CONVERSION = YES;
				CLANG_WARN_OBJC_ROOT_CLASS = YES_ERROR;
				CLANG_WARN_RANGE_LOOP_ANALYSIS = YES;
				CLANG_WARN_STRICT_PROTOTYPES = YES;
				CLANG_WARN_SUSPICIOUS_MOVE = YES;
				CLANG_WARN_UNGUARDED_AVAILABILITY = YES_AGGRESSIVE;
				CLANG_WARN_UNREACHABLE_CODE = YES;
				CLANG_WARN__DUPLICATE_METHOD_MATCH = YES;
				COPY_PHASE_STRIP = NO;
				DEBUG_INFORMATION_FORMAT = "dwarf-with-dsym";
				ENABLE_NS_ASSERTIONS = NO;
				ENABLE_STRICT_OBJC_MSGSEND = YES;
				GCC_C_LANGUAGE_STANDARD = gnu11;
				GCC_NO_COMMON_BLOCKS = YES;
				GCC_WARN_64_TO_32_BIT_CONVERSION = YES;
				GCC_WARN_ABOUT_RETURN_TYPE = YES_ERROR;
				GCC_WARN_UNDECLARED_SELECTOR = YES;
				GCC_WARN_UNINITIALIZED_AUTOS = YES_AGGRESSIVE;
				GCC_WARN_UNUSED_FUNCTION = YES;
				GCC_WARN_UNUSED_VARIABLE = YES;
				IPHONEOS_DEPLOYMENT_TARGET = 13.6;
				MTL_ENABLE_DEBUG_INFO = NO;
				MTL_FAST_MATH = YES;
				SDKROOT = iphoneos;
				SWIFT_COMPILATION_MODE = wholemodule;
				SWIFT_OPTIMIZATION_LEVEL = "-O";
				VALIDATE_PRODUCT = YES;
			};
			name = Release;
		};
		988C825B24EBC54D006E86EB /* Debug */ = {
			isa = XCBuildConfiguration;
			buildSettings = {
				ASSETCATALOG_COMPILER_APPICON_NAME = AppIcon;
				CODE_SIGN_ENTITLEMENTS = HackerNewsFeed/HackerNewsFeed.entitlements;
				CODE_SIGN_STYLE = Automatic;
				DEVELOPMENT_ASSET_PATHS = "\"HackerNewsFeed/Preview Content\"";
				DEVELOPMENT_TEAM = 78VW43AS73;
				ENABLE_PREVIEWS = YES;
				INFOPLIST_FILE = HackerNewsFeed/Info.plist;
				LD_RUNPATH_SEARCH_PATHS = (
					"$(inherited)",
					"@executable_path/Frameworks",
				);
				PRODUCT_BUNDLE_IDENTIFIER = com.Majikk.HackerNewsFeed;
				PRODUCT_NAME = "$(TARGET_NAME)";
				SUPPORTS_MACCATALYST = YES;
				SWIFT_VERSION = 5.0;
				TARGETED_DEVICE_FAMILY = "1,2";
			};
			name = Debug;
		};
		988C825C24EBC54D006E86EB /* Release */ = {
			isa = XCBuildConfiguration;
			buildSettings = {
				ASSETCATALOG_COMPILER_APPICON_NAME = AppIcon;
				CODE_SIGN_ENTITLEMENTS = HackerNewsFeed/HackerNewsFeed.entitlements;
				CODE_SIGN_STYLE = Automatic;
				DEVELOPMENT_ASSET_PATHS = "\"HackerNewsFeed/Preview Content\"";
				DEVELOPMENT_TEAM = 78VW43AS73;
				ENABLE_PREVIEWS = YES;
				INFOPLIST_FILE = HackerNewsFeed/Info.plist;
				LD_RUNPATH_SEARCH_PATHS = (
					"$(inherited)",
					"@executable_path/Frameworks",
				);
				PRODUCT_BUNDLE_IDENTIFIER = com.Majikk.HackerNewsFeed;
				PRODUCT_NAME = "$(TARGET_NAME)";
				SUPPORTS_MACCATALYST = YES;
				SWIFT_VERSION = 5.0;
				TARGETED_DEVICE_FAMILY = "1,2";
			};
			name = Release;
		};
/* End XCBuildConfiguration section */

/* Begin XCConfigurationList section */
		988C824124EBC54C006E86EB /* Build configuration list for PBXProject "HackerNewsFeed" */ = {
			isa = XCConfigurationList;
			buildConfigurations = (
				988C825824EBC54D006E86EB /* Debug */,
				988C825924EBC54D006E86EB /* Release */,
			);
			defaultConfigurationIsVisible = 0;
			defaultConfigurationName = Release;
		};
		988C825A24EBC54D006E86EB /* Build configuration list for PBXNativeTarget "HackerNewsFeed" */ = {
			isa = XCConfigurationList;
			buildConfigurations = (
				988C825B24EBC54D006E86EB /* Debug */,
				988C825C24EBC54D006E86EB /* Release */,
			);
			defaultConfigurationIsVisible = 0;
			defaultConfigurationName = Release;
		};
/* End XCConfigurationList section */
	};
	rootObject = 988C823E24EBC54C006E86EB /* Project object */;
}
